// !$*UTF8*$!
{
	archiveVersion = 1;
	classes = {
	};
	objectVersion = 56;
	objects = {

/* Begin PBXBuildFile section */
		53FCC70E2A6CBE5E00F5E420 /* AppDelegate.swift in Sources */ = {isa = PBXBuildFile; fileRef = 53FCC70D2A6CBE5E00F5E420 /* AppDelegate.swift */; };
		53FCC7102A6CBE5E00F5E420 /* SceneDelegate.swift in Sources */ = {isa = PBXBuildFile; fileRef = 53FCC70F2A6CBE5E00F5E420 /* SceneDelegate.swift */; };
		53FCC7122A6CBE5E00F5E420 /* ItemsTableViewController.swift in Sources */ = {isa = PBXBuildFile; fileRef = 53FCC7112A6CBE5E00F5E420 /* ItemsTableViewController.swift */; };
		53FCC7152A6CBE5E00F5E420 /* Main.storyboard in Resources */ = {isa = PBXBuildFile; fileRef = 53FCC7132A6CBE5E00F5E420 /* Main.storyboard */; };
		53FCC7172A6CBE5F00F5E420 /* Assets.xcassets in Resources */ = {isa = PBXBuildFile; fileRef = 53FCC7162A6CBE5F00F5E420 /* Assets.xcassets */; };
		53FCC71A2A6CBE5F00F5E420 /* LaunchScreen.storyboard in Resources */ = {isa = PBXBuildFile; fileRef = 53FCC7182A6CBE5F00F5E420 /* LaunchScreen.storyboard */; };
		53FCC7242A6CC87200F5E420 /* AddItemViewController.swift in Sources */ = {isa = PBXBuildFile; fileRef = 53FCC7232A6CC87200F5E420 /* AddItemViewController.swift */; };
		53FCC72B2A6CCA7800F5E420 /* ItemTableViewCell.swift in Sources */ = {isa = PBXBuildFile; fileRef = 53FCC7292A6CCA7800F5E420 /* ItemTableViewCell.swift */; };
		53FCC72C2A6CCA7800F5E420 /* ItemTableViewCell.xib in Resources */ = {isa = PBXBuildFile; fileRef = 53FCC72A2A6CCA7800F5E420 /* ItemTableViewCell.xib */; };
/* End PBXBuildFile section */

/* Begin PBXFileReference section */
		53FCC70A2A6CBE5E00F5E420 /* HinakkoKadai15.app */ = {isa = PBXFileReference; explicitFileType = wrapper.application; includeInIndex = 0; path = HinakkoKadai15.app; sourceTree = BUILT_PRODUCTS_DIR; };
		53FCC70D2A6CBE5E00F5E420 /* AppDelegate.swift */ = {isa = PBXFileReference; lastKnownFileType = sourcecode.swift; path = AppDelegate.swift; sourceTree = "<group>"; };
		53FCC70F2A6CBE5E00F5E420 /* SceneDelegate.swift */ = {isa = PBXFileReference; lastKnownFileType = sourcecode.swift; path = SceneDelegate.swift; sourceTree = "<group>"; };
		53FCC7112A6CBE5E00F5E420 /* ItemsTableViewController.swift */ = {isa = PBXFileReference; lastKnownFileType = sourcecode.swift; path = ItemsTableViewController.swift; sourceTree = "<group>"; };
		53FCC7142A6CBE5E00F5E420 /* Base */ = {isa = PBXFileReference; lastKnownFileType = file.storyboard; name = Base; path = Base.lproj/Main.storyboard; sourceTree = "<group>"; };
		53FCC7162A6CBE5F00F5E420 /* Assets.xcassets */ = {isa = PBXFileReference; lastKnownFileType = folder.assetcatalog; path = Assets.xcassets; sourceTree = "<group>"; };
		53FCC7192A6CBE5F00F5E420 /* Base */ = {isa = PBXFileReference; lastKnownFileType = file.storyboard; name = Base; path = Base.lproj/LaunchScreen.storyboard; sourceTree = "<group>"; };
		53FCC71B2A6CBE5F00F5E420 /* Info.plist */ = {isa = PBXFileReference; lastKnownFileType = text.plist.xml; path = Info.plist; sourceTree = "<group>"; };
		53FCC7232A6CC87200F5E420 /* AddItemViewController.swift */ = {isa = PBXFileReference; lastKnownFileType = sourcecode.swift; path = AddItemViewController.swift; sourceTree = "<group>"; };
		53FCC7292A6CCA7800F5E420 /* ItemTableViewCell.swift */ = {isa = PBXFileReference; lastKnownFileType = sourcecode.swift; path = ItemTableViewCell.swift; sourceTree = "<group>"; };
		53FCC72A2A6CCA7800F5E420 /* ItemTableViewCell.xib */ = {isa = PBXFileReference; lastKnownFileType = file.xib; path = ItemTableViewCell.xib; sourceTree = "<group>"; };
/* End PBXFileReference section */

/* Begin PBXFrameworksBuildPhase section */
		53FCC7072A6CBE5E00F5E420 /* Frameworks */ = {
			isa = PBXFrameworksBuildPhase;
			buildActionMask = 2147483647;
			files = (
			);
			runOnlyForDeploymentPostprocessing = 0;
		};
/* End PBXFrameworksBuildPhase section */

/* Begin PBXGroup section */
		53FCC7012A6CBE5E00F5E420 = {
			isa = PBXGroup;
			children = (
				53FCC70C2A6CBE5E00F5E420 /* HinakkoKadai15 */,
				53FCC70B2A6CBE5E00F5E420 /* Products */,
			);
			sourceTree = "<group>";
		};
		53FCC70B2A6CBE5E00F5E420 /* Products */ = {
			isa = PBXGroup;
			children = (
				53FCC70A2A6CBE5E00F5E420 /* HinakkoKadai15.app */,
			);
			name = Products;
			sourceTree = "<group>";
		};
		53FCC70C2A6CBE5E00F5E420 /* HinakkoKadai15 */ = {
			isa = PBXGroup;
			children = (
				53FCC70D2A6CBE5E00F5E420 /* AppDelegate.swift */,
				53FCC70F2A6CBE5E00F5E420 /* SceneDelegate.swift */,
				53FCC7112A6CBE5E00F5E420 /* ItemsTableViewController.swift */,
				53FCC7232A6CC87200F5E420 /* AddItemViewController.swift */,
				53FCC7132A6CBE5E00F5E420 /* Main.storyboard */,
				53FCC7162A6CBE5F00F5E420 /* Assets.xcassets */,
				53FCC7182A6CBE5F00F5E420 /* LaunchScreen.storyboard */,
				53FCC71B2A6CBE5F00F5E420 /* Info.plist */,
				53FCC7292A6CCA7800F5E420 /* ItemTableViewCell.swift */,
				53FCC72A2A6CCA7800F5E420 /* ItemTableViewCell.xib */,
			);
			path = HinakkoKadai15;
			sourceTree = "<group>";
		};
/* End PBXGroup section */

/* Begin PBXNativeTarget section */
		53FCC7092A6CBE5E00F5E420 /* HinakkoKadai15 */ = {
			isa = PBXNativeTarget;
			buildConfigurationList = 53FCC71E2A6CBE5F00F5E420 /* Build configuration list for PBXNativeTarget "HinakkoKadai15" */;
			buildPhases = (
				53FCC7062A6CBE5E00F5E420 /* Sources */,
				53FCC7072A6CBE5E00F5E420 /* Frameworks */,
				53FCC7082A6CBE5E00F5E420 /* Resources */,
			);
			buildRules = (
			);
			dependencies = (
			);
			name = HinakkoKadai15;
			productName = HinakkoKadai15;
			productReference = 53FCC70A2A6CBE5E00F5E420 /* HinakkoKadai15.app */;
			productType = "com.apple.product-type.application";
		};
/* End PBXNativeTarget section */

/* Begin PBXProject section */
		53FCC7022A6CBE5E00F5E420 /* Project object */ = {
			isa = PBXProject;
			attributes = {
				BuildIndependentTargetsInParallel = 1;
				LastSwiftUpdateCheck = 1430;
				LastUpgradeCheck = 1430;
				TargetAttributes = {
					53FCC7092A6CBE5E00F5E420 = {
						CreatedOnToolsVersion = 14.3.1;
					};
				};
			};
			buildConfigurationList = 53FCC7052A6CBE5E00F5E420 /* Build configuration list for PBXProject "HinakkoKadai15" */;
			compatibilityVersion = "Xcode 14.0";
			developmentRegion = en;
			hasScannedForEncodings = 0;
			knownRegions = (
				en,
				Base,
			);
			mainGroup = 53FCC7012A6CBE5E00F5E420;
			productRefGroup = 53FCC70B2A6CBE5E00F5E420 /* Products */;
			projectDirPath = "";
			projectRoot = "";
			targets = (
				53FCC7092A6CBE5E00F5E420 /* HinakkoKadai15 */,
			);
		};
/* End PBXProject section */

/* Begin PBXResourcesBuildPhase section */
		53FCC7082A6CBE5E00F5E420 /* Resources */ = {
			isa = PBXResourcesBuildPhase;
			buildActionMask = 2147483647;
			files = (
				53FCC72C2A6CCA7800F5E420 /* ItemTableViewCell.xib in Resources */,
				53FCC71A2A6CBE5F00F5E420 /* LaunchScreen.storyboard in Resources */,
				53FCC7172A6CBE5F00F5E420 /* Assets.xcassets in Resources */,
				53FCC7152A6CBE5E00F5E420 /* Main.storyboard in Resources */,
			);
			runOnlyForDeploymentPostprocessing = 0;
		};
/* End PBXResourcesBuildPhase section */

/* Begin PBXSourcesBuildPhase section */
		53FCC7062A6CBE5E00F5E420 /* Sources */ = {
			isa = PBXSourcesBuildPhase;
			buildActionMask = 2147483647;
			files = (
				53FCC7242A6CC87200F5E420 /* AddItemViewController.swift in Sources */,
				53FCC7122A6CBE5E00F5E420 /* ItemsTableViewController.swift in Sources */,
				53FCC72B2A6CCA7800F5E420 /* ItemTableViewCell.swift in Sources */,
				53FCC70E2A6CBE5E00F5E420 /* AppDelegate.swift in Sources */,
				53FCC7102A6CBE5E00F5E420 /* SceneDelegate.swift in Sources */,
			);
			runOnlyForDeploymentPostprocessing = 0;
		};
/* End PBXSourcesBuildPhase section */

/* Begin PBXVariantGroup section */
		53FCC7132A6CBE5E00F5E420 /* Main.storyboard */ = {
			isa = PBXVariantGroup;
			children = (
				53FCC7142A6CBE5E00F5E420 /* Base */,
			);
			name = Main.storyboard;
			sourceTree = "<group>";
		};
		53FCC7182A6CBE5F00F5E420 /* LaunchScreen.storyboard */ = {
			isa = PBXVariantGroup;
			children = (
				53FCC7192A6CBE5F00F5E420 /* Base */,
			);
			name = LaunchScreen.storyboard;
			sourceTree = "<group>";
		};
/* End PBXVariantGroup section */

/* Begin XCBuildConfiguration section */
		53FCC71C2A6CBE5F00F5E420 /* Debug */ = {
			isa = XCBuildConfiguration;
			buildSettings = {
				ALWAYS_SEARCH_USER_PATHS = NO;
				CLANG_ANALYZER_NONNULL = YES;
				CLANG_ANALYZER_NUMBER_OBJECT_CONVERSION = YES_AGGRESSIVE;
				CLANG_CXX_LANGUAGE_STANDARD = "gnu++20";
				CLANG_ENABLE_MODULES = YES;
				CLANG_ENABLE_OBJC_ARC = YES;
				CLANG_ENABLE_OBJC_WEAK = YES;
				CLANG_WARN_BLOCK_CAPTURE_AUTORELEASING = YES;
				CLANG_WARN_BOOL_CONVERSION = YES;
				CLANG_WARN_COMMA = YES;
				CLANG_WARN_CONSTANT_CONVERSION = YES;
				CLANG_WARN_DEPRECATED_OBJC_IMPLEMENTATIONS = YES;
				CLANG_WARN_DIRECT_OBJC_ISA_USAGE = YES_ERROR;
				CLANG_WARN_DOCUMENTATION_COMMENTS = YES;
				CLANG_WARN_EMPTY_BODY = YES;
				CLANG_WARN_ENUM_CONVERSION = YES;
				CLANG_WARN_INFINITE_RECURSION = YES;
				CLANG_WARN_INT_CONVERSION = YES;
				CLANG_WARN_NON_LITERAL_NULL_CONVERSION = YES;
				CLANG_WARN_OBJC_IMPLICIT_RETAIN_SELF = YES;
				CLANG_WARN_OBJC_LITERAL_CONVERSION = YES;
				CLANG_WARN_OBJC_ROOT_CLASS = YES_ERROR;
				CLANG_WARN_QUOTED_INCLUDE_IN_FRAMEWORK_HEADER = YES;
				CLANG_WARN_RANGE_LOOP_ANALYSIS = YES;
				CLANG_WARN_STRICT_PROTOTYPES = YES;
				CLANG_WARN_SUSPICIOUS_MOVE = YES;
				CLANG_WARN_UNGUARDED_AVAILABILITY = YES_AGGRESSIVE;
				CLANG_WARN_UNREACHABLE_CODE = YES;
				CLANG_WARN__DUPLICATE_METHOD_MATCH = YES;
				COPY_PHASE_STRIP = NO;
				DEBUG_INFORMATION_FORMAT = dwarf;
				ENABLE_STRICT_OBJC_MSGSEND = YES;
				ENABLE_TESTABILITY = YES;
				GCC_C_LANGUAGE_STANDARD = gnu11;
				GCC_DYNAMIC_NO_PIC = NO;
				GCC_NO_COMMON_BLOCKS = YES;
				GCC_OPTIMIZATION_LEVEL = 0;
				GCC_PREPROCESSOR_DEFINITIONS = (
					"DEBUG=1",
					"$(inherited)",
				);
				GCC_WARN_64_TO_32_BIT_CONVERSION = YES;
				GCC_WARN_ABOUT_RETURN_TYPE = YES_ERROR;
				GCC_WARN_UNDECLARED_SELECTOR = YES;
				GCC_WARN_UNINITIALIZED_AUTOS = YES_AGGRESSIVE;
				GCC_WARN_UNUSED_FUNCTION = YES;
				GCC_WARN_UNUSED_VARIABLE = YES;
				IPHONEOS_DEPLOYMENT_TARGET = 16.4;
				MTL_ENABLE_DEBUG_INFO = INCLUDE_SOURCE;
				MTL_FAST_MATH = YES;
				ONLY_ACTIVE_ARCH = YES;
				SDKROOT = iphoneos;
				SWIFT_ACTIVE_COMPILATION_CONDITIONS = DEBUG;
				SWIFT_OPTIMIZATION_LEVEL = "-Onone";
			};
			name = Debug;
		};
		53FCC71D2A6CBE5F00F5E420 /* Release */ = {
			isa = XCBuildConfiguration;
			buildSettings = {
				ALWAYS_SEARCH_USER_PATHS = NO;
				CLANG_ANALYZER_NONNULL = YES;
				CLANG_ANALYZER_NUMBER_OBJECT_CONVERSION = YES_AGGRESSIVE;
				CLANG_CXX_LANGUAGE_STANDARD = "gnu++20";
				CLANG_ENABLE_MODULES = YES;
				CLANG_ENABLE_OBJC_ARC = YES;
				CLANG_ENABLE_OBJC_WEAK = YES;
				CLANG_WARN_BLOCK_CAPTURE_AUTORELEASING = YES;
				CLANG_WARN_BOOL_CONVERSION = YES;
				CLANG_WARN_COMMA = YES;
				CLANG_WARN_CONSTANT_CONVERSION = YES;
				CLANG_WARN_DEPRECATED_OBJC_IMPLEMENTATIONS = YES;
				CLANG_WARN_DIRECT_OBJC_ISA_USAGE = YES_ERROR;
				CLANG_WARN_DOCUMENTATION_COMMENTS = YES;
				CLANG_WARN_EMPTY_BODY = YES;
				CLANG_WARN_ENUM_CONVERSION = YES;
				CLANG_WARN_INFINITE_RECURSION = YES;
				CLANG_WARN_INT_CONVERSION = YES;
				CLANG_WARN_NON_LITERAL_NULL_CONVERSION = YES;
				CLANG_WARN_OBJC_IMPLICIT_RETAIN_SELF = YES;
				CLANG_WARN_OBJC_LITERAL_CONVERSION = YES;
				CLANG_WARN_OBJC_ROOT_CLASS = YES_ERROR;
				CLANG_WARN_QUOTED_INCLUDE_IN_FRAMEWORK_HEADER = YES;
				CLANG_WARN_RANGE_LOOP_ANALYSIS = YES;
				CLANG_WARN_STRICT_PROTOTYPES = YES;
				CLANG_WARN_SUSPICIOUS_MOVE = YES;
				CLANG_WARN_UNGUARDED_AVAILABILITY = YES_AGGRESSIVE;
				CLANG_WARN_UNREACHABLE_CODE = YES;
				CLANG_WARN__DUPLICATE_METHOD_MATCH = YES;
				COPY_PHASE_STRIP = NO;
				DEBUG_INFORMATION_FORMAT = "dwarf-with-dsym";
				ENABLE_NS_ASSERTIONS = NO;
				ENABLE_STRICT_OBJC_MSGSEND = YES;
				GCC_C_LANGUAGE_STANDARD = gnu11;
				GCC_NO_COMMON_BLOCKS = YES;
				GCC_WARN_64_TO_32_BIT_CONVERSION = YES;
				GCC_WARN_ABOUT_RETURN_TYPE = YES_ERROR;
				GCC_WARN_UNDECLARED_SELECTOR = YES;
				GCC_WARN_UNINITIALIZED_AUTOS = YES_AGGRESSIVE;
				GCC_WARN_UNUSED_FUNCTION = YES;
				GCC_WARN_UNUSED_VARIABLE = YES;
				IPHONEOS_DEPLOYMENT_TARGET = 16.4;
				MTL_ENABLE_DEBUG_INFO = NO;
				MTL_FAST_MATH = YES;
				SDKROOT = iphoneos;
				SWIFT_COMPILATION_MODE = wholemodule;
				SWIFT_OPTIMIZATION_LEVEL = "-O";
				VALIDATE_PRODUCT = YES;
			};
			name = Release;
		};
		53FCC71F2A6CBE5F00F5E420 /* Debug */ = {
			isa = XCBuildConfiguration;
			buildSettings = {
				ASSETCATALOG_COMPILER_APPICON_NAME = AppIcon;
				ASSETCATALOG_COMPILER_GLOBAL_ACCENT_COLOR_NAME = AccentColor;
				CODE_SIGN_STYLE = Automatic;
				CURRENT_PROJECT_VERSION = 1;
				GENERATE_INFOPLIST_FILE = YES;
				INFOPLIST_FILE = HinakkoKadai15/Info.plist;
				INFOPLIST_KEY_UIApplicationSupportsIndirectInputEvents = YES;
				INFOPLIST_KEY_UILaunchStoryboardName = LaunchScreen;
				INFOPLIST_KEY_UIMainStoryboardFile = Main;
				INFOPLIST_KEY_UISupportedInterfaceOrientations_iPad = "UIInterfaceOrientationPortrait UIInterfaceOrientationPortraitUpsideDown UIInterfaceOrientationLandscapeLeft UIInterfaceOrientationLandscapeRight";
				INFOPLIST_KEY_UISupportedInterfaceOrientations_iPhone = "UIInterfaceOrientationPortrait UIInterfaceOrientationLandscapeLeft UIInterfaceOrientationLandscapeRight";
				LD_RUNPATH_SEARCH_PATHS = (
					"$(inherited)",
					"@executable_path/Frameworks",
				);
				MARKETING_VERSION = 1.0;
				PRODUCT_BUNDLE_IDENTIFIER = com.hinaf0224.HinakkoKadai15;
				PRODUCT_NAME = "$(TARGET_NAME)";
				SWIFT_EMIT_LOC_STRINGS = YES;
				SWIFT_VERSION = 5.0;
				TARGETED_DEVICE_FAMILY = "1,2";
			};
			name = Debug;
		};
		53FCC7202A6CBE5F00F5E420 /* Release */ = {
			isa = XCBuildConfiguration;
			buildSettings = {
				ASSETCATALOG_COMPILER_APPICON_NAME = AppIcon;
				ASSETCATALOG_COMPILER_GLOBAL_ACCENT_COLOR_NAME = AccentColor;
				CODE_SIGN_STYLE = Automatic;
				CURRENT_PROJECT_VERSION = 1;
				GENERATE_INFOPLIST_FILE = YES;
				INFOPLIST_FILE = HinakkoKadai15/Info.plist;
				INFOPLIST_KEY_UIApplicationSupportsIndirectInputEvents = YES;
				INFOPLIST_KEY_UILaunchStoryboardName = LaunchScreen;
				INFOPLIST_KEY_UIMainStoryboardFile = Main;
				INFOPLIST_KEY_UISupportedInterfaceOrientations_iPad = "UIInterfaceOrientationPortrait UIInterfaceOrientationPortraitUpsideDown UIInterfaceOrientationLandscapeLeft UIInterfaceOrientationLandscapeRight";
				INFOPLIST_KEY_UISupportedInterfaceOrientations_iPhone = "UIInterfaceOrientationPortrait UIInterfaceOrientationLandscapeLeft UIInterfaceOrientationLandscapeRight";
				LD_RUNPATH_SEARCH_PATHS = (
					"$(inherited)",
					"@executable_path/Frameworks",
				);
				MARKETING_VERSION = 1.0;
				PRODUCT_BUNDLE_IDENTIFIER = com.hinaf0224.HinakkoKadai15;
				PRODUCT_NAME = "$(TARGET_NAME)";
				SWIFT_EMIT_LOC_STRINGS = YES;
				SWIFT_VERSION = 5.0;
				TARGETED_DEVICE_FAMILY = "1,2";
			};
			name = Release;
		};
/* End XCBuildConfiguration section */

/* Begin XCConfigurationList section */
		53FCC7052A6CBE5E00F5E420 /* Build configuration list for PBXProject "HinakkoKadai15" */ = {
			isa = XCConfigurationList;
			buildConfigurations = (
				53FCC71C2A6CBE5F00F5E420 /* Debug */,
				53FCC71D2A6CBE5F00F5E420 /* Release */,
			);
			defaultConfigurationIsVisible = 0;
			defaultConfigurationName = Release;
		};
		53FCC71E2A6CBE5F00F5E420 /* Build configuration list for PBXNativeTarget "HinakkoKadai15" */ = {
			isa = XCConfigurationList;
			buildConfigurations = (
				53FCC71F2A6CBE5F00F5E420 /* Debug */,
				53FCC7202A6CBE5F00F5E420 /* Release */,
			);
			defaultConfigurationIsVisible = 0;
			defaultConfigurationName = Release;
		};
/* End XCConfigurationList section */
	};
	rootObject = 53FCC7022A6CBE5E00F5E420 /* Project object */;
}
